
Microsoft Visual Studio Solution File, Format Version 12.00
# Visual Studio 15
Project("{FAE04EC0-301F-11D3-BF4B-00C04F79EFBC}") = "Assembly-CSharp-firstpass", "Assembly-CSharp-firstpass.csproj", "{8416BCC8-9F76-3010-3F2C-F00A5B7D70F6}"
EndProject
Project("{FAE04EC0-301F-11D3-BF4B-00C04F79EFBC}") = "Assembly-CSharp", "Assembly-CSharp.csproj", "{FA565739-909F-AB40-4116-B815EB7D3509}"
EndProject
Project("{FAE04EC0-301F-11D3-BF4B-00C04F79EFBC}") = "GoogleMobileAds", "GoogleMobileAds.csproj", "{62DB1FC6-701B-11D5-E066-B8CB812B7D18}"
EndProject
Project("{FAE04EC0-301F-11D3-BF4B-00C04F79EFBC}") = "Assembly-CSharp-Editor-firstpass", "Assembly-CSharp-Editor-firstpass.csproj", "{1E90156F-3244-AC17-FC63-3B623542CADA}"
EndProject
Project("{FAE04EC0-301F-11D3-BF4B-00C04F79EFBC}") = "Assembly-CSharp-Editor", "Assembly-CSharp-Editor.csproj", "{ACAC31F4-7218-81E6-AE93-8C1DC105D978}"
EndProject
Project("{FAE04EC0-301F-11D3-BF4B-00C04F79EFBC}") = "GoogleMobileAds.Editor", "GoogleMobileAds.Editor.csproj", "{7BB7BA55-6BDE-F95F-D684-D2C49AB6F296}"
EndProject
Global
	GlobalSection(SolutionConfigurationPlatforms) = preSolution
		Debug|Any CPU = Debug|Any CPU
		Release|Any CPU = Release|Any CPU
	EndGlobalSection
	GlobalSection(ProjectConfigurationPlatforms) = postSolution
		{8416BCC8-9F76-3010-3F2C-F00A5B7D70F6}.Debug|Any CPU.ActiveCfg = Debug|Any CPU
		{8416BCC8-9F76-3010-3F2C-F00A5B7D70F6}.Debug|Any CPU.Build.0 = Debug|Any CPU
		{8416BCC8-9F76-3010-3F2C-F00A5B7D70F6}.Release|Any CPU.ActiveCfg = Release|Any CPU
		{8416BCC8-9F76-3010-3F2C-F00A5B7D70F6}.Release|Any CPU.Build.0 = Release|Any CPU
		{FA565739-909F-AB40-4116-B815EB7D3509}.Debug|Any CPU.ActiveCfg = Debug|Any CPU
		{FA565739-909F-AB40-4116-B815EB7D3509}.Debug|Any CPU.Build.0 = Debug|Any CPU
		{FA565739-909F-AB40-4116-B815EB7D3509}.Release|Any CPU.ActiveCfg = Release|Any CPU
		{FA565739-909F-AB40-4116-B815EB7D3509}.Release|Any CPU.Build.0 = Release|Any CPU
		{62DB1FC6-701B-11D5-E066-B8CB812B7D18}.Debug|Any CPU.ActiveCfg = Debug|Any CPU
		{62DB1FC6-701B-11D5-E066-B8CB812B7D18}.Debug|Any CPU.Build.0 = Debug|Any CPU
		{62DB1FC6-701B-11D5-E066-B8CB812B7D18}.Release|Any CPU.ActiveCfg = Release|Any CPU
		{62DB1FC6-701B-11D5-E066-B8CB812B7D18}.Release|Any CPU.Build.0 = Release|Any CPU
		{1E90156F-3244-AC17-FC63-3B623542CADA}.Debug|Any CPU.ActiveCfg = Debug|Any CPU
		{1E90156F-3244-AC17-FC63-3B623542CADA}.Debug|Any CPU.Build.0 = Debug|Any CPU
		{1E90156F-3244-AC17-FC63-3B623542CADA}.Release|Any CPU.ActiveCfg = Release|Any CPU
		{1E90156F-3244-AC17-FC63-3B623542CADA}.Release|Any CPU.Build.0 = Release|Any CPU
		{ACAC31F4-7218-81E6-AE93-8C1DC105D978}.Debug|Any CPU.ActiveCfg = Debug|Any CPU
		{ACAC31F4-7218-81E6-AE93-8C1DC105D978}.Debug|Any CPU.Build.0 = Debug|Any CPU
		{ACAC31F4-7218-81E6-AE93-8C1DC105D978}.Release|Any CPU.ActiveCfg = Release|Any CPU
		{ACAC31F4-7218-81E6-AE93-8C1DC105D978}.Release|Any CPU.Build.0 = Release|Any CPU
		{7BB7BA55-6BDE-F95F-D684-D2C49AB6F296}.Debug|Any CPU.ActiveCfg = Debug|Any CPU
		{7BB7BA55-6BDE-F95F-D684-D2C49AB6F296}.Debug|Any CPU.Build.0 = Debug|Any CPU
		{7BB7BA55-6BDE-F95F-D684-D2C49AB6F296}.Release|Any CPU.ActiveCfg = Release|Any CPU
		{7BB7BA55-6BDE-F95F-D684-D2C49AB6F296}.Release|Any CPU.Build.0 = Release|Any CPU
	EndGlobalSection
	GlobalSection(SolutionProperties) = preSolution
		HideSolutionNode = FALSE
	EndGlobalSection
EndGlobal
